
Microsoft Visual Studio Solution File, Format Version 12.00
# Visual Studio Version 17
VisualStudioVersion = 17.12.35527.113
MinimumVisualStudioVersion = 10.0.40219.1
Project("{FAE04EC0-301F-11D3-BF4B-00C04F79EFBC}") = "Bingo.AppHost", "Bingo.AppHost\Bingo.AppHost.csproj", "{E0DE3086-2979-4C81-B538-1D50E698FECD}"
EndProject
Project("{FAE04EC0-301F-11D3-BF4B-00C04F79EFBC}") = "Bingo.ServiceDefaults", "Bingo.ServiceDefaults\Bingo.ServiceDefaults.csproj", "{895F0870-06B4-409B-A61E-46295F86F73A}"
EndProject
Project("{FAE04EC0-301F-11D3-BF4B-00C04F79EFBC}") = "Bingo.ApiService", "Bingo.ApiService\Bingo.ApiService.csproj", "{6392DF98-687E-4FC4-AF61-7AA765F9E997}"
EndProject
Project("{FAE04EC0-301F-11D3-BF4B-00C04F79EFBC}") = "Bingo.Domain", "Bingo.Domain\Bingo.Domain.csproj", "{703B0B11-123B-4FB7-BEB6-3764BAB7549E}"
EndProject
Project("{FAE04EC0-301F-11D3-BF4B-00C04F79EFBC}") = "Bingo.Application", "Bingo.Application\Bingo.Application.csproj", "{DF0085C9-3395-4993-AAE6-447250F93A84}"
EndProject
Project("{FAE04EC0-301F-11D3-BF4B-00C04F79EFBC}") = "Bingo.Infrastructure", "Bingo.Infrastructure\Bingo.Infrastructure.csproj", "{2F8895AF-EAA1-42AA-B63F-2A5768C3CECC}"
EndProject
Global
	GlobalSection(SolutionConfigurationPlatforms) = preSolution
		Debug|Any CPU = Debug|Any CPU
		Debug|x64 = Debug|x64
		Debug|x86 = Debug|x86
		Release|Any CPU = Release|Any CPU
		Release|x64 = Release|x64
		Release|x86 = Release|x86
	EndGlobalSection
	GlobalSection(ProjectConfigurationPlatforms) = postSolution
		{E0DE3086-2979-4C81-B538-1D50E698FECD}.Debug|Any CPU.ActiveCfg = Debug|Any CPU
		{E0DE3086-2979-4C81-B538-1D50E698FECD}.Debug|Any CPU.Build.0 = Debug|Any CPU
		{E0DE3086-2979-4C81-B538-1D50E698FECD}.Debug|x64.ActiveCfg = Debug|Any CPU
		{E0DE3086-2979-4C81-B538-1D50E698FECD}.Debug|x64.Build.0 = Debug|Any CPU
		{E0DE3086-2979-4C81-B538-1D50E698FECD}.Debug|x86.ActiveCfg = Debug|Any CPU
		{E0DE3086-2979-4C81-B538-1D50E698FECD}.Debug|x86.Build.0 = Debug|Any CPU
		{E0DE3086-2979-4C81-B538-1D50E698FECD}.Release|Any CPU.ActiveCfg = Release|Any CPU
		{E0DE3086-2979-4C81-B538-1D50E698FECD}.Release|Any CPU.Build.0 = Release|Any CPU
		{E0DE3086-2979-4C81-B538-1D50E698FECD}.Release|x64.ActiveCfg = Release|Any CPU
		{E0DE3086-2979-4C81-B538-1D50E698FECD}.Release|x64.Build.0 = Release|Any CPU
		{E0DE3086-2979-4C81-B538-1D50E698FECD}.Release|x86.ActiveCfg = Release|Any CPU
		{E0DE3086-2979-4C81-B538-1D50E698FECD}.Release|x86.Build.0 = Release|Any CPU
		{895F0870-06B4-409B-A61E-46295F86F73A}.Debug|Any CPU.ActiveCfg = Debug|Any CPU
		{895F0870-06B4-409B-A61E-46295F86F73A}.Debug|Any CPU.Build.0 = Debug|Any CPU
		{895F0870-06B4-409B-A61E-46295F86F73A}.Debug|x64.ActiveCfg = Debug|Any CPU
		{895F0870-06B4-409B-A61E-46295F86F73A}.Debug|x64.Build.0 = Debug|Any CPU
		{895F0870-06B4-409B-A61E-46295F86F73A}.Debug|x86.ActiveCfg = Debug|Any CPU
		{895F0870-06B4-409B-A61E-46295F86F73A}.Debug|x86.Build.0 = Debug|Any CPU
		{895F0870-06B4-409B-A61E-46295F86F73A}.Release|Any CPU.ActiveCfg = Release|Any CPU
		{895F0870-06B4-409B-A61E-46295F86F73A}.Release|Any CPU.Build.0 = Release|Any CPU
		{895F0870-06B4-409B-A61E-46295F86F73A}.Release|x64.ActiveCfg = Release|Any CPU
		{895F0870-06B4-409B-A61E-46295F86F73A}.Release|x64.Build.0 = Release|Any CPU
		{895F0870-06B4-409B-A61E-46295F86F73A}.Release|x86.ActiveCfg = Release|Any CPU
		{895F0870-06B4-409B-A61E-46295F86F73A}.Release|x86.Build.0 = Release|Any CPU
		{6392DF98-687E-4FC4-AF61-7AA765F9E997}.Debug|Any CPU.ActiveCfg = Debug|Any CPU
		{6392DF98-687E-4FC4-AF61-7AA765F9E997}.Debug|Any CPU.Build.0 = Debug|Any CPU
		{6392DF98-687E-4FC4-AF61-7AA765F9E997}.Debug|x64.ActiveCfg = Debug|Any CPU
		{6392DF98-687E-4FC4-AF61-7AA765F9E997}.Debug|x64.Build.0 = Debug|Any CPU
		{6392DF98-687E-4FC4-AF61-7AA765F9E997}.Debug|x86.ActiveCfg = Debug|Any CPU
		{6392DF98-687E-4FC4-AF61-7AA765F9E997}.Debug|x86.Build.0 = Debug|Any CPU
		{6392DF98-687E-4FC4-AF61-7AA765F9E997}.Release|Any CPU.ActiveCfg = Release|Any CPU
		{6392DF98-687E-4FC4-AF61-7AA765F9E997}.Release|Any CPU.Build.0 = Release|Any CPU
		{6392DF98-687E-4FC4-AF61-7AA765F9E997}.Release|x64.ActiveCfg = Release|Any CPU
		{6392DF98-687E-4FC4-AF61-7AA765F9E997}.Release|x64.Build.0 = Release|Any CPU
		{6392DF98-687E-4FC4-AF61-7AA765F9E997}.Release|x86.ActiveCfg = Release|Any CPU
		{6392DF98-687E-4FC4-AF61-7AA765F9E997}.Release|x86.Build.0 = Release|Any CPU
		{703B0B11-123B-4FB7-BEB6-3764BAB7549E}.Debug|Any CPU.ActiveCfg = Debug|Any CPU
		{703B0B11-123B-4FB7-BEB6-3764BAB7549E}.Debug|Any CPU.Build.0 = Debug|Any CPU
		{703B0B11-123B-4FB7-BEB6-3764BAB7549E}.Debug|x64.ActiveCfg = Debug|Any CPU
		{703B0B11-123B-4FB7-BEB6-3764BAB7549E}.Debug|x64.Build.0 = Debug|Any CPU
		{703B0B11-123B-4FB7-BEB6-3764BAB7549E}.Debug|x86.ActiveCfg = Debug|Any CPU
		{703B0B11-123B-4FB7-BEB6-3764BAB7549E}.Debug|x86.Build.0 = Debug|Any CPU
		{703B0B11-123B-4FB7-BEB6-3764BAB7549E}.Release|Any CPU.ActiveCfg = Release|Any CPU
		{703B0B11-123B-4FB7-BEB6-3764BAB7549E}.Release|Any CPU.Build.0 = Release|Any CPU
		{703B0B11-123B-4FB7-BEB6-3764BAB7549E}.Release|x64.ActiveCfg = Release|Any CPU
		{703B0B11-123B-4FB7-BEB6-3764BAB7549E}.Release|x64.Build.0 = Release|Any CPU
		{703B0B11-123B-4FB7-BEB6-3764BAB7549E}.Release|x86.ActiveCfg = Release|Any CPU
		{703B0B11-123B-4FB7-BEB6-3764BAB7549E}.Release|x86.Build.0 = Release|Any CPU
		{DF0085C9-3395-4993-AAE6-447250F93A84}.Debug|Any CPU.ActiveCfg = Debug|Any CPU
		{DF0085C9-3395-4993-AAE6-447250F93A84}.Debug|Any CPU.Build.0 = Debug|Any CPU
		{DF0085C9-3395-4993-AAE6-447250F93A84}.Debug|x64.ActiveCfg = Debug|Any CPU
		{DF0085C9-3395-4993-AAE6-447250F93A84}.Debug|x64.Build.0 = Debug|Any CPU
		{DF0085C9-3395-4993-AAE6-447250F93A84}.Debug|x86.ActiveCfg = Debug|Any CPU
		{DF0085C9-3395-4993-AAE6-447250F93A84}.Debug|x86.Build.0 = Debug|Any CPU
		{DF0085C9-3395-4993-AAE6-447250F93A84}.Release|Any CPU.ActiveCfg = Release|Any CPU
		{DF0085C9-3395-4993-AAE6-447250F93A84}.Release|Any CPU.Build.0 = Release|Any CPU
		{DF0085C9-3395-4993-AAE6-447250F93A84}.Release|x64.ActiveCfg = Release|Any CPU
		{DF0085C9-3395-4993-AAE6-447250F93A84}.Release|x64.Build.0 = Release|Any CPU
		{DF0085C9-3395-4993-AAE6-447250F93A84}.Release|x86.ActiveCfg = Release|Any CPU
		{DF0085C9-3395-4993-AAE6-447250F93A84}.Release|x86.Build.0 = Release|Any CPU
		{2F8895AF-EAA1-42AA-B63F-2A5768C3CECC}.Debug|Any CPU.ActiveCfg = Debug|Any CPU
		{2F8895AF-EAA1-42AA-B63F-2A5768C3CECC}.Debug|Any CPU.Build.0 = Debug|Any CPU
		{2F8895AF-EAA1-42AA-B63F-2A5768C3CECC}.Debug|x64.ActiveCfg = Debug|Any CPU
		{2F8895AF-EAA1-42AA-B63F-2A5768C3CECC}.Debug|x64.Build.0 = Debug|Any CPU
		{2F8895AF-EAA1-42AA-B63F-2A5768C3CECC}.Debug|x86.ActiveCfg = Debug|Any CPU
		{2F8895AF-EAA1-42AA-B63F-2A5768C3CECC}.Debug|x86.Build.0 = Debug|Any CPU
		{2F8895AF-EAA1-42AA-B63F-2A5768C3CECC}.Release|Any CPU.ActiveCfg = Release|Any CPU
		{2F8895AF-EAA1-42AA-B63F-2A5768C3CECC}.Release|Any CPU.Build.0 = Release|Any CPU
		{2F8895AF-EAA1-42AA-B63F-2A5768C3CECC}.Release|x64.ActiveCfg = Release|Any CPU
		{2F8895AF-EAA1-42AA-B63F-2A5768C3CECC}.Release|x64.Build.0 = Release|Any CPU
		{2F8895AF-EAA1-42AA-B63F-2A5768C3CECC}.Release|x86.ActiveCfg = Release|Any CPU
		{2F8895AF-EAA1-42AA-B63F-2A5768C3CECC}.Release|x86.Build.0 = Release|Any CPU
	EndGlobalSection
	GlobalSection(SolutionProperties) = preSolution
		HideSolutionNode = FALSE
	EndGlobalSection
EndGlobal
